
Microsoft Visual Studio Solution File, Format Version 12.00
# Visual Studio Version 17
VisualStudioVersion = 17.9.34902.65
MinimumVisualStudioVersion = 10.0.40219.1
Project("{9A19103F-16F7-4668-BE54-9A1E7A4F7556}") = "Ovning5-Garage", "Ovning5-Garage\Ovning5-Garage.csproj", "{5E8E71EB-1835-477E-AAEA-C69B65AE1623}"
EndProject
Project("{2150E333-8FDC-42A3-9474-1A3956D46DE8}") = "Tests", "Tests", "{32DA4460-CB54-41B3-BFD7-EF8E0BCE53F1}"
EndProject
Project("{FAE04EC0-301F-11D3-BF4B-00C04F79EFBC}") = "GarageTest", "Tests\GarageTest\GarageTest.csproj", "{1FDA8F46-41E1-4AB4-BEAE-6D933B5CE704}"
EndProject
Global
	GlobalSection(SolutionConfigurationPlatforms) = preSolution
		Debug|Any CPU = Debug|Any CPU
		Release|Any CPU = Release|Any CPU
	EndGlobalSection
	GlobalSection(ProjectConfigurationPlatforms) = postSolution
		{5E8E71EB-1835-477E-AAEA-C69B65AE1623}.Debug|Any CPU.ActiveCfg = Debug|Any CPU
		{5E8E71EB-1835-477E-AAEA-C69B65AE1623}.Debug|Any CPU.Build.0 = Debug|Any CPU
		{5E8E71EB-1835-477E-AAEA-C69B65AE1623}.Release|Any CPU.ActiveCfg = Release|Any CPU
		{5E8E71EB-1835-477E-AAEA-C69B65AE1623}.Release|Any CPU.Build.0 = Release|Any CPU
		{1FDA8F46-41E1-4AB4-BEAE-6D933B5CE704}.Debug|Any CPU.ActiveCfg = Debug|Any CPU
		{1FDA8F46-41E1-4AB4-BEAE-6D933B5CE704}.Debug|Any CPU.Build.0 = Debug|Any CPU
		{1FDA8F46-41E1-4AB4-BEAE-6D933B5CE704}.Release|Any CPU.ActiveCfg = Release|Any CPU
		{1FDA8F46-41E1-4AB4-BEAE-6D933B5CE704}.Release|Any CPU.Build.0 = Release|Any CPU
	EndGlobalSection
	GlobalSection(SolutionProperties) = preSolution
		HideSolutionNode = FALSE
	EndGlobalSection
	GlobalSection(NestedProjects) = preSolution
		{1FDA8F46-41E1-4AB4-BEAE-6D933B5CE704} = {32DA4460-CB54-41B3-BFD7-EF8E0BCE53F1}
	EndGlobalSection
	GlobalSection(ExtensibilityGlobals) = postSolution
		SolutionGuid = {E297EE51-F5B7-4357-80F5-E1C772ECF4BD}
	EndGlobalSection
EndGlobal
